
Microsoft Visual Studio Solution File, Format Version 12.00
# Visual Studio Version 17
VisualStudioVersion = 17.2.32616.157
MinimumVisualStudioVersion = 10.0.40219.1
Project("{FAE04EC0-301F-11D3-BF4B-00C04F79EFBC}") = "myconsole", "myconsole\myconsole.csproj", "{28FF8578-33F2-46F0-B5B7-761AA13A9EC3}"
EndProject
Global
	GlobalSection(SolutionConfigurationPlatforms) = preSolution
		Debug|Any CPU = Debug|Any CPU
		Release|Any CPU = Release|Any CPU
	EndGlobalSection
	GlobalSection(ProjectConfigurationPlatforms) = postSolution
		{28FF8578-33F2-46F0-B5B7-761AA13A9EC3}.Debug|Any CPU.ActiveCfg = Debug|Any CPU
		{28FF8578-33F2-46F0-B5B7-761AA13A9EC3}.Debug|Any CPU.Build.0 = Debug|Any CPU
		{28FF8578-33F2-46F0-B5B7-761AA13A9EC3}.Release|Any CPU.ActiveCfg = Release|Any CPU
		{28FF8578-33F2-46F0-B5B7-761AA13A9EC3}.Release|Any CPU.Build.0 = Release|Any CPU
	EndGlobalSection
	GlobalSection(SolutionProperties) = preSolution
		HideSolutionNode = FALSE
	EndGlobalSection
	GlobalSection(ExtensibilityGlobals) = postSolution
		SolutionGuid = {2CF11427-13E1-482F-B980-E937359E162E}
	EndGlobalSection
EndGlobal
